
Microsoft Visual Studio Solution File, Format Version 12.00
# Visual Studio for Mac
Project("{FAE04EC0-301F-11D3-BF4B-00C04F79EFBC}") = "AgaQ Builder", "AgaQ Builder.csproj", "{02F1A47E-2314-E674-88E0-C93FDC454FD4}"
EndProject
Project("{FAE04EC0-301F-11D3-BF4B-00C04F79EFBC}") = "AgaQ Builder.Editor", "AgaQ Builder.Editor.csproj", "{974448E2-DC65-278D-7D51-73DD8C05DD25}"
EndProject
Global
	GlobalSection(SolutionConfigurationPlatforms) = preSolution
		Debug|Any CPU = Debug|Any CPU
		Release|Any CPU = Release|Any CPU
	EndGlobalSection
	GlobalSection(ProjectConfigurationPlatforms) = postSolution
		{02F1A47E-2314-E674-88E0-C93FDC454FD4}.Debug|Any CPU.ActiveCfg = Debug|Any CPU
		{02F1A47E-2314-E674-88E0-C93FDC454FD4}.Debug|Any CPU.Build.0 = Debug|Any CPU
		{02F1A47E-2314-E674-88E0-C93FDC454FD4}.Release|Any CPU.ActiveCfg = Release|Any CPU
		{02F1A47E-2314-E674-88E0-C93FDC454FD4}.Release|Any CPU.Build.0 = Release|Any CPU
		{974448E2-DC65-278D-7D51-73DD8C05DD25}.Debug|Any CPU.ActiveCfg = Debug|Any CPU
		{974448E2-DC65-278D-7D51-73DD8C05DD25}.Debug|Any CPU.Build.0 = Debug|Any CPU
		{974448E2-DC65-278D-7D51-73DD8C05DD25}.Release|Any CPU.ActiveCfg = Release|Any CPU
		{974448E2-DC65-278D-7D51-73DD8C05DD25}.Release|Any CPU.Build.0 = Release|Any CPU
	EndGlobalSection
	GlobalSection(SolutionProperties) = preSolution
		HideSolutionNode = FALSE
	EndGlobalSection
EndGlobal
